
Microsoft Visual Studio Solution File, Format Version 12.00
# Visual Studio Version 16
VisualStudioVersion = 16.0.31624.102
MinimumVisualStudioVersion = 10.0.40219.1
Project("{FAE04EC0-301F-11D3-BF4B-00C04F79EFBC}") = "LeapYear", "LeapYear\LeapYear.csproj", "{AB578D53-2FE7-41DE-9877-26639F5D9B4C}"
EndProject
Project("{FAE04EC0-301F-11D3-BF4B-00C04F79EFBC}") = "ArrayWords", "ArrayWords\ArrayWords.csproj", "{FA75D8CD-5256-4EAF-97E4-3E32A4C269E4}"
EndProject
Project("{FAE04EC0-301F-11D3-BF4B-00C04F79EFBC}") = "Polindrome", "Polindrome\Polindrome.csproj", "{B3DD9182-416F-4697-8FBF-6EB696766B9A}"
EndProject
Project("{FAE04EC0-301F-11D3-BF4B-00C04F79EFBC}") = "BracketSequence", "BracketSequence\BracketSequence.csproj", "{D6252E47-D768-4529-BC0C-9C79A18EEA7D}"
EndProject
Global
	GlobalSection(SolutionConfigurationPlatforms) = preSolution
		Debug|Any CPU = Debug|Any CPU
		Release|Any CPU = Release|Any CPU
	EndGlobalSection
	GlobalSection(ProjectConfigurationPlatforms) = postSolution
		{AB578D53-2FE7-41DE-9877-26639F5D9B4C}.Debug|Any CPU.ActiveCfg = Debug|Any CPU
		{AB578D53-2FE7-41DE-9877-26639F5D9B4C}.Debug|Any CPU.Build.0 = Debug|Any CPU
		{AB578D53-2FE7-41DE-9877-26639F5D9B4C}.Release|Any CPU.ActiveCfg = Release|Any CPU
		{AB578D53-2FE7-41DE-9877-26639F5D9B4C}.Release|Any CPU.Build.0 = Release|Any CPU
		{FA75D8CD-5256-4EAF-97E4-3E32A4C269E4}.Debug|Any CPU.ActiveCfg = Debug|Any CPU
		{FA75D8CD-5256-4EAF-97E4-3E32A4C269E4}.Debug|Any CPU.Build.0 = Debug|Any CPU
		{FA75D8CD-5256-4EAF-97E4-3E32A4C269E4}.Release|Any CPU.ActiveCfg = Release|Any CPU
		{FA75D8CD-5256-4EAF-97E4-3E32A4C269E4}.Release|Any CPU.Build.0 = Release|Any CPU
		{B3DD9182-416F-4697-8FBF-6EB696766B9A}.Debug|Any CPU.ActiveCfg = Debug|Any CPU
		{B3DD9182-416F-4697-8FBF-6EB696766B9A}.Debug|Any CPU.Build.0 = Debug|Any CPU
		{B3DD9182-416F-4697-8FBF-6EB696766B9A}.Release|Any CPU.ActiveCfg = Release|Any CPU
		{B3DD9182-416F-4697-8FBF-6EB696766B9A}.Release|Any CPU.Build.0 = Release|Any CPU
		{D6252E47-D768-4529-BC0C-9C79A18EEA7D}.Debug|Any CPU.ActiveCfg = Debug|Any CPU
		{D6252E47-D768-4529-BC0C-9C79A18EEA7D}.Debug|Any CPU.Build.0 = Debug|Any CPU
		{D6252E47-D768-4529-BC0C-9C79A18EEA7D}.Release|Any CPU.ActiveCfg = Release|Any CPU
		{D6252E47-D768-4529-BC0C-9C79A18EEA7D}.Release|Any CPU.Build.0 = Release|Any CPU
	EndGlobalSection
	GlobalSection(SolutionProperties) = preSolution
		HideSolutionNode = FALSE
	EndGlobalSection
	GlobalSection(ExtensibilityGlobals) = postSolution
		SolutionGuid = {701A940D-10A3-494B-A2D5-539B7BE40A69}
	EndGlobalSection
EndGlobal
